
Microsoft Visual Studio Solution File, Format Version 12.00
# Visual Studio Version 17
VisualStudioVersion = 17.4.33205.214
MinimumVisualStudioVersion = 10.0.40219.1
Project("{9A19103F-16F7-4668-BE54-9A1E7A4F7556}") = "Portfolio.Web", "Portfolio.Web\Portfolio.Web.csproj", "{0BBABEA9-F2A0-44D6-A11A-87991AB561EC}"
EndProject
Project("{9A19103F-16F7-4668-BE54-9A1E7A4F7556}") = "Portfolio.WPF", "Portfolio.WPF\Portfolio.WPF.csproj", "{12949535-9FE5-42F6-B1ED-B25053AE73C1}"
EndProject
Project("{FAE04EC0-301F-11D3-BF4B-00C04F79EFBC}") = "Hangfire.WebAPI", "Hangfire.WebAPI\Hangfire.WebAPI.csproj", "{17895723-BDE3-4EF8-8468-AD811AE5B2F6}"
EndProject
Project("{FAE04EC0-301F-11D3-BF4B-00C04F79EFBC}") = "Portfolio.Web.Tests", "Portfolio.Web.Tests\Portfolio.Web.Tests.csproj", "{C0D20821-702F-4F19-9F82-6D9B95722FB6}"
EndProject
Project("{FAE04EC0-301F-11D3-BF4B-00C04F79EFBC}") = "Portfolio.API", "Portfolio.API\Portfolio.API.csproj", "{A9C8D0A7-616F-427C-AFC1-E29E7111C6F7}"
EndProject
Global
	GlobalSection(SolutionConfigurationPlatforms) = preSolution
		Debug|Any CPU = Debug|Any CPU
		Release|Any CPU = Release|Any CPU
	EndGlobalSection
	GlobalSection(ProjectConfigurationPlatforms) = postSolution
		{0BBABEA9-F2A0-44D6-A11A-87991AB561EC}.Debug|Any CPU.ActiveCfg = Debug|Any CPU
		{0BBABEA9-F2A0-44D6-A11A-87991AB561EC}.Debug|Any CPU.Build.0 = Debug|Any CPU
		{0BBABEA9-F2A0-44D6-A11A-87991AB561EC}.Release|Any CPU.ActiveCfg = Release|Any CPU
		{0BBABEA9-F2A0-44D6-A11A-87991AB561EC}.Release|Any CPU.Build.0 = Release|Any CPU
		{12949535-9FE5-42F6-B1ED-B25053AE73C1}.Debug|Any CPU.ActiveCfg = Debug|Any CPU
		{12949535-9FE5-42F6-B1ED-B25053AE73C1}.Debug|Any CPU.Build.0 = Debug|Any CPU
		{12949535-9FE5-42F6-B1ED-B25053AE73C1}.Release|Any CPU.ActiveCfg = Release|Any CPU
		{12949535-9FE5-42F6-B1ED-B25053AE73C1}.Release|Any CPU.Build.0 = Release|Any CPU
		{17895723-BDE3-4EF8-8468-AD811AE5B2F6}.Debug|Any CPU.ActiveCfg = Debug|Any CPU
		{17895723-BDE3-4EF8-8468-AD811AE5B2F6}.Debug|Any CPU.Build.0 = Debug|Any CPU
		{17895723-BDE3-4EF8-8468-AD811AE5B2F6}.Release|Any CPU.ActiveCfg = Release|Any CPU
		{17895723-BDE3-4EF8-8468-AD811AE5B2F6}.Release|Any CPU.Build.0 = Release|Any CPU
		{C0D20821-702F-4F19-9F82-6D9B95722FB6}.Debug|Any CPU.ActiveCfg = Debug|Any CPU
		{C0D20821-702F-4F19-9F82-6D9B95722FB6}.Debug|Any CPU.Build.0 = Debug|Any CPU
		{C0D20821-702F-4F19-9F82-6D9B95722FB6}.Release|Any CPU.ActiveCfg = Release|Any CPU
		{C0D20821-702F-4F19-9F82-6D9B95722FB6}.Release|Any CPU.Build.0 = Release|Any CPU
		{A9C8D0A7-616F-427C-AFC1-E29E7111C6F7}.Debug|Any CPU.ActiveCfg = Debug|Any CPU
		{A9C8D0A7-616F-427C-AFC1-E29E7111C6F7}.Debug|Any CPU.Build.0 = Debug|Any CPU
		{A9C8D0A7-616F-427C-AFC1-E29E7111C6F7}.Release|Any CPU.ActiveCfg = Release|Any CPU
		{A9C8D0A7-616F-427C-AFC1-E29E7111C6F7}.Release|Any CPU.Build.0 = Release|Any CPU
	EndGlobalSection
	GlobalSection(SolutionProperties) = preSolution
		HideSolutionNode = FALSE
	EndGlobalSection
	GlobalSection(ExtensibilityGlobals) = postSolution
		SolutionGuid = {4C0BEEBC-DE38-473B-A914-B0686603C568}
	EndGlobalSection
EndGlobal
